
Microsoft Visual Studio Solution File, Format Version 12.00
Project("{FAE04EC0-301F-11D3-BF4B-00C04F79EFBC}") = "PiwKO", "PiwKO.csproj", "{FE71121E-7858-4A3D-B584-59F17092A905}"
EndProject
Project("{2150E333-8FDC-42A3-9474-1A3956D46DE8}") = "backend", "backend", "{89E2DBA8-38D2-4A07-9FE5-52B9C4428B80}"
EndProject
Global
	GlobalSection(SolutionConfigurationPlatforms) = preSolution
		Debug|Any CPU = Debug|Any CPU
		Release|Any CPU = Release|Any CPU
	EndGlobalSection
	GlobalSection(ProjectConfigurationPlatforms) = postSolution
		{FE71121E-7858-4A3D-B584-59F17092A905}.Debug|Any CPU.ActiveCfg = Debug|Any CPU
		{FE71121E-7858-4A3D-B584-59F17092A905}.Debug|Any CPU.Build.0 = Debug|Any CPU
		{FE71121E-7858-4A3D-B584-59F17092A905}.Release|Any CPU.ActiveCfg = Release|Any CPU
		{FE71121E-7858-4A3D-B584-59F17092A905}.Release|Any CPU.Build.0 = Release|Any CPU
	EndGlobalSection
EndGlobal
